
Microsoft Visual Studio Solution File, Format Version 12.00
# Visual Studio Version 17
VisualStudioVersion = 17.12.35707.178
MinimumVisualStudioVersion = 10.0.40219.1
Project("{2150E333-8FDC-42A3-9474-1A3956D46DE8}") = "Services", "Services", "{4DBADC74-13B0-4F0D-A6B8-C04B5C3E28AC}"
EndProject
Project("{2150E333-8FDC-42A3-9474-1A3956D46DE8}") = "Catalog", "Catalog", "{5B01C0FD-827F-4709-AB09-C27A4FBE2F92}"
EndProject
Project("{FAE04EC0-301F-11D3-BF4B-00C04F79EFBC}") = "Catalog.Api", "Services\Catalog\Catalog.Api\Catalog.Api.csproj", "{BCC575FC-6279-406A-B520-65399AC2B054}"
EndProject
Project("{2150E333-8FDC-42A3-9474-1A3956D46DE8}") = "BuildingBlocks", "BuildingBlocks", "{2B11EE7A-76F4-47D5-9182-1EC09D980C41}"
EndProject
Project("{FAE04EC0-301F-11D3-BF4B-00C04F79EFBC}") = "BuildingBlocks", "BuildingBlocks\BuildingBlocks\BuildingBlocks.csproj", "{C36F2B48-65FE-424B-8C47-E52E293E941F}"
EndProject
Project("{E53339B2-1760-4266-BCC7-CA923CBCF16C}") = "docker-compose", "docker-compose.dcproj", "{41029D18-1341-4204-BE0D-58D1220B0979}"
EndProject
Project("{2150E333-8FDC-42A3-9474-1A3956D46DE8}") = "Basket", "Basket", "{8B842392-288B-4ADC-955D-ABE7E2326E9B}"
EndProject
Project("{FAE04EC0-301F-11D3-BF4B-00C04F79EFBC}") = "Basket.Api", "Services\Basket\Basket.Api\Basket.Api.csproj", "{CE33CAE9-F426-46D2-B95E-8D6B1E2F5212}"
EndProject
Project("{2150E333-8FDC-42A3-9474-1A3956D46DE8}") = "Discount", "Discount", "{081AB81B-EFAA-4E03-BE07-D7A513FC74AC}"
EndProject
Project("{FAE04EC0-301F-11D3-BF4B-00C04F79EFBC}") = "Discount.Grpc", "Services\Discount\Discoun.Grpc\Discount.Grpc.csproj", "{0AB497ED-FC9C-407A-B622-DAA00FD5BB5B}"
EndProject
Project("{2150E333-8FDC-42A3-9474-1A3956D46DE8}") = "Ordering", "Ordering", "{76A383F2-464E-489F-82F0-68A59FB59CF8}"
EndProject
Project("{FAE04EC0-301F-11D3-BF4B-00C04F79EFBC}") = "Ordering.Api", "Services\Ordering\Ordering.Api\Ordering.Api.csproj", "{37AB1E1D-75AD-45BF-94B8-95FE944B4369}"
EndProject
Project("{FAE04EC0-301F-11D3-BF4B-00C04F79EFBC}") = "Ordering.Domain", "Services\Ordering\Ordering.Domain\Ordering.Domain.csproj", "{41468920-E577-42CD-A268-DBA66EF6D653}"
EndProject
Project("{FAE04EC0-301F-11D3-BF4B-00C04F79EFBC}") = "Ordering.Application", "Services\Ordering\Ordering.Application\Ordering.Application.csproj", "{D566FD67-E5CC-494B-B954-79346C052729}"
EndProject
Project("{FAE04EC0-301F-11D3-BF4B-00C04F79EFBC}") = "Ordering.Infrastructure", "Services\Ordering\Ordering.Infrastructure\Ordering.Infrastructure.csproj", "{1E51C938-30FA-42B4-A3EF-B9ACD75BEF71}"
EndProject
Project("{FAE04EC0-301F-11D3-BF4B-00C04F79EFBC}") = "BuildingBlocks.Messaging", "BuildingBlocks\BuildingBlocks.Messaging\BuildingBlocks.Messaging.csproj", "{2B0F5458-97BF-4C4A-8C9D-13EC502087A8}"
EndProject
Project("{2150E333-8FDC-42A3-9474-1A3956D46DE8}") = "ApiGateways", "ApiGateways", "{BE78819A-5A77-46D0-BC3E-060243577569}"
EndProject
Project("{FAE04EC0-301F-11D3-BF4B-00C04F79EFBC}") = "YarpApiGateway", "YarpApiGateway\YarpApiGateway\YarpApiGateway.csproj", "{96EA5860-5C7F-417D-8266-C4662B1D0E88}"
EndProject
Project("{2150E333-8FDC-42A3-9474-1A3956D46DE8}") = "WebApps", "WebApps", "{8345F887-D789-414C-8529-3302E0B38BDF}"
EndProject
Project("{FAE04EC0-301F-11D3-BF4B-00C04F79EFBC}") = "Shopping.Web", "WebApps\Shopping.Web\Shopping.Web.csproj", "{5509CB93-D462-4F0A-8719-FDFBC6C7547E}"
EndProject
Global
	GlobalSection(SolutionConfigurationPlatforms) = preSolution
		Debug|Any CPU = Debug|Any CPU
		Release|Any CPU = Release|Any CPU
	EndGlobalSection
	GlobalSection(ProjectConfigurationPlatforms) = postSolution
		{BCC575FC-6279-406A-B520-65399AC2B054}.Debug|Any CPU.ActiveCfg = Debug|Any CPU
		{BCC575FC-6279-406A-B520-65399AC2B054}.Debug|Any CPU.Build.0 = Debug|Any CPU
		{BCC575FC-6279-406A-B520-65399AC2B054}.Release|Any CPU.ActiveCfg = Release|Any CPU
		{BCC575FC-6279-406A-B520-65399AC2B054}.Release|Any CPU.Build.0 = Release|Any CPU
		{C36F2B48-65FE-424B-8C47-E52E293E941F}.Debug|Any CPU.ActiveCfg = Debug|Any CPU
		{C36F2B48-65FE-424B-8C47-E52E293E941F}.Debug|Any CPU.Build.0 = Debug|Any CPU
		{C36F2B48-65FE-424B-8C47-E52E293E941F}.Release|Any CPU.ActiveCfg = Release|Any CPU
		{C36F2B48-65FE-424B-8C47-E52E293E941F}.Release|Any CPU.Build.0 = Release|Any CPU
		{41029D18-1341-4204-BE0D-58D1220B0979}.Debug|Any CPU.ActiveCfg = Debug|Any CPU
		{41029D18-1341-4204-BE0D-58D1220B0979}.Debug|Any CPU.Build.0 = Debug|Any CPU
		{41029D18-1341-4204-BE0D-58D1220B0979}.Release|Any CPU.ActiveCfg = Release|Any CPU
		{41029D18-1341-4204-BE0D-58D1220B0979}.Release|Any CPU.Build.0 = Release|Any CPU
		{CE33CAE9-F426-46D2-B95E-8D6B1E2F5212}.Debug|Any CPU.ActiveCfg = Debug|Any CPU
		{CE33CAE9-F426-46D2-B95E-8D6B1E2F5212}.Debug|Any CPU.Build.0 = Debug|Any CPU
		{CE33CAE9-F426-46D2-B95E-8D6B1E2F5212}.Release|Any CPU.ActiveCfg = Release|Any CPU
		{CE33CAE9-F426-46D2-B95E-8D6B1E2F5212}.Release|Any CPU.Build.0 = Release|Any CPU
		{0AB497ED-FC9C-407A-B622-DAA00FD5BB5B}.Debug|Any CPU.ActiveCfg = Debug|Any CPU
		{0AB497ED-FC9C-407A-B622-DAA00FD5BB5B}.Debug|Any CPU.Build.0 = Debug|Any CPU
		{0AB497ED-FC9C-407A-B622-DAA00FD5BB5B}.Release|Any CPU.ActiveCfg = Release|Any CPU
		{0AB497ED-FC9C-407A-B622-DAA00FD5BB5B}.Release|Any CPU.Build.0 = Release|Any CPU
		{37AB1E1D-75AD-45BF-94B8-95FE944B4369}.Debug|Any CPU.ActiveCfg = Debug|Any CPU
		{37AB1E1D-75AD-45BF-94B8-95FE944B4369}.Debug|Any CPU.Build.0 = Debug|Any CPU
		{37AB1E1D-75AD-45BF-94B8-95FE944B4369}.Release|Any CPU.ActiveCfg = Release|Any CPU
		{37AB1E1D-75AD-45BF-94B8-95FE944B4369}.Release|Any CPU.Build.0 = Release|Any CPU
		{41468920-E577-42CD-A268-DBA66EF6D653}.Debug|Any CPU.ActiveCfg = Debug|Any CPU
		{41468920-E577-42CD-A268-DBA66EF6D653}.Debug|Any CPU.Build.0 = Debug|Any CPU
		{41468920-E577-42CD-A268-DBA66EF6D653}.Release|Any CPU.ActiveCfg = Release|Any CPU
		{41468920-E577-42CD-A268-DBA66EF6D653}.Release|Any CPU.Build.0 = Release|Any CPU
		{D566FD67-E5CC-494B-B954-79346C052729}.Debug|Any CPU.ActiveCfg = Debug|Any CPU
		{D566FD67-E5CC-494B-B954-79346C052729}.Debug|Any CPU.Build.0 = Debug|Any CPU
		{D566FD67-E5CC-494B-B954-79346C052729}.Release|Any CPU.ActiveCfg = Release|Any CPU
		{D566FD67-E5CC-494B-B954-79346C052729}.Release|Any CPU.Build.0 = Release|Any CPU
		{1E51C938-30FA-42B4-A3EF-B9ACD75BEF71}.Debug|Any CPU.ActiveCfg = Debug|Any CPU
		{1E51C938-30FA-42B4-A3EF-B9ACD75BEF71}.Debug|Any CPU.Build.0 = Debug|Any CPU
		{1E51C938-30FA-42B4-A3EF-B9ACD75BEF71}.Release|Any CPU.ActiveCfg = Release|Any CPU
		{1E51C938-30FA-42B4-A3EF-B9ACD75BEF71}.Release|Any CPU.Build.0 = Release|Any CPU
		{2B0F5458-97BF-4C4A-8C9D-13EC502087A8}.Debug|Any CPU.ActiveCfg = Debug|Any CPU
		{2B0F5458-97BF-4C4A-8C9D-13EC502087A8}.Debug|Any CPU.Build.0 = Debug|Any CPU
		{2B0F5458-97BF-4C4A-8C9D-13EC502087A8}.Release|Any CPU.ActiveCfg = Release|Any CPU
		{2B0F5458-97BF-4C4A-8C9D-13EC502087A8}.Release|Any CPU.Build.0 = Release|Any CPU
		{96EA5860-5C7F-417D-8266-C4662B1D0E88}.Debug|Any CPU.ActiveCfg = Debug|Any CPU
		{96EA5860-5C7F-417D-8266-C4662B1D0E88}.Debug|Any CPU.Build.0 = Debug|Any CPU
		{96EA5860-5C7F-417D-8266-C4662B1D0E88}.Release|Any CPU.ActiveCfg = Release|Any CPU
		{96EA5860-5C7F-417D-8266-C4662B1D0E88}.Release|Any CPU.Build.0 = Release|Any CPU
		{5509CB93-D462-4F0A-8719-FDFBC6C7547E}.Debug|Any CPU.ActiveCfg = Debug|Any CPU
		{5509CB93-D462-4F0A-8719-FDFBC6C7547E}.Debug|Any CPU.Build.0 = Debug|Any CPU
		{5509CB93-D462-4F0A-8719-FDFBC6C7547E}.Release|Any CPU.ActiveCfg = Release|Any CPU
		{5509CB93-D462-4F0A-8719-FDFBC6C7547E}.Release|Any CPU.Build.0 = Release|Any CPU
	EndGlobalSection
	GlobalSection(SolutionProperties) = preSolution
		HideSolutionNode = FALSE
	EndGlobalSection
	GlobalSection(NestedProjects) = preSolution
		{5B01C0FD-827F-4709-AB09-C27A4FBE2F92} = {4DBADC74-13B0-4F0D-A6B8-C04B5C3E28AC}
		{BCC575FC-6279-406A-B520-65399AC2B054} = {5B01C0FD-827F-4709-AB09-C27A4FBE2F92}
		{C36F2B48-65FE-424B-8C47-E52E293E941F} = {2B11EE7A-76F4-47D5-9182-1EC09D980C41}
		{8B842392-288B-4ADC-955D-ABE7E2326E9B} = {4DBADC74-13B0-4F0D-A6B8-C04B5C3E28AC}
		{CE33CAE9-F426-46D2-B95E-8D6B1E2F5212} = {8B842392-288B-4ADC-955D-ABE7E2326E9B}
		{081AB81B-EFAA-4E03-BE07-D7A513FC74AC} = {4DBADC74-13B0-4F0D-A6B8-C04B5C3E28AC}
		{0AB497ED-FC9C-407A-B622-DAA00FD5BB5B} = {081AB81B-EFAA-4E03-BE07-D7A513FC74AC}
		{76A383F2-464E-489F-82F0-68A59FB59CF8} = {4DBADC74-13B0-4F0D-A6B8-C04B5C3E28AC}
		{37AB1E1D-75AD-45BF-94B8-95FE944B4369} = {76A383F2-464E-489F-82F0-68A59FB59CF8}
		{41468920-E577-42CD-A268-DBA66EF6D653} = {76A383F2-464E-489F-82F0-68A59FB59CF8}
		{D566FD67-E5CC-494B-B954-79346C052729} = {76A383F2-464E-489F-82F0-68A59FB59CF8}
		{1E51C938-30FA-42B4-A3EF-B9ACD75BEF71} = {76A383F2-464E-489F-82F0-68A59FB59CF8}
		{2B0F5458-97BF-4C4A-8C9D-13EC502087A8} = {2B11EE7A-76F4-47D5-9182-1EC09D980C41}
		{96EA5860-5C7F-417D-8266-C4662B1D0E88} = {BE78819A-5A77-46D0-BC3E-060243577569}
		{5509CB93-D462-4F0A-8719-FDFBC6C7547E} = {8345F887-D789-414C-8529-3302E0B38BDF}
	EndGlobalSection
EndGlobal
